
Microsoft Visual Studio Solution File, Format Version 12.00
# Visual Studio Version 16
VisualStudioVersion = 16.0.30523.141
MinimumVisualStudioVersion = 10.0.40219.1
Project("{FAE04EC0-301F-11D3-BF4B-00C04F79EFBC}") = "HelloWorldCsharp", "HelloWorldCsharp\HelloWorldCsharp.csproj", "{4E8D4C60-CDAE-408D-90B9-8E3F89710D11}"
EndProject
Global
	GlobalSection(SolutionConfigurationPlatforms) = preSolution
		Debug|Any CPU = Debug|Any CPU
		Release|Any CPU = Release|Any CPU
	EndGlobalSection
	GlobalSection(ProjectConfigurationPlatforms) = postSolution
		{4E8D4C60-CDAE-408D-90B9-8E3F89710D11}.Debug|Any CPU.ActiveCfg = Debug|Any CPU
		{4E8D4C60-CDAE-408D-90B9-8E3F89710D11}.Debug|Any CPU.Build.0 = Debug|Any CPU
		{4E8D4C60-CDAE-408D-90B9-8E3F89710D11}.Release|Any CPU.ActiveCfg = Release|Any CPU
		{4E8D4C60-CDAE-408D-90B9-8E3F89710D11}.Release|Any CPU.Build.0 = Release|Any CPU
	EndGlobalSection
	GlobalSection(SolutionProperties) = preSolution
		HideSolutionNode = FALSE
	EndGlobalSection
	GlobalSection(ExtensibilityGlobals) = postSolution
		SolutionGuid = {2F26E20D-9B9F-470F-A601-9DC149DF6B5E}
	EndGlobalSection
EndGlobal
